
Microsoft Visual Studio Solution File, Format Version 12.00
Project("{2150E333-8FDC-42A3-9474-1A3956D46DE8}") = "src", "src", "{01342A57-1D21-4C28-B4FE-60CDF9D2FD2A}"
EndProject
Project("{2150E333-8FDC-42A3-9474-1A3956D46DE8}") = "tests", "tests", "{338E7D65-5322-424B-AB43-735043798F0D}"
EndProject
Project("{FAE04EC0-301F-11D3-BF4B-00C04F79EFBC}") = "Cashflow.API", "src\Cashflow.API\Cashflow.API.csproj", "{6D34EBEE-C78E-4A41-9C87-7B5483BF3867}"
EndProject
Project("{FAE04EC0-301F-11D3-BF4B-00C04F79EFBC}") = "Cashflow.Domain", "src\Cashflow.Domain\Cashflow.Domain.csproj", "{17B79719-EB8D-4CFB-9339-1DE06B377CCD}"
EndProject
Project("{FAE04EC0-301F-11D3-BF4B-00C04F79EFBC}") = "Cashflow.Application", "src\Cashflow.Application\Cashflow.Application.csproj", "{20A6BAB7-4A79-4978-9F44-9AB753EAE75B}"
EndProject
Project("{FAE04EC0-301F-11D3-BF4B-00C04F79EFBC}") = "Cashflow.Communication", "src\Cashflow.Communication\Cashflow.Communication.csproj", "{2755860D-BF13-4C1D-BD6B-4A71AA11449C}"
EndProject
Project("{FAE04EC0-301F-11D3-BF4B-00C04F79EFBC}") = "Cashflow.Exception", "src\Cashflow.Exception\Cashflow.Exception.csproj", "{668E8D08-9BEB-4557-8B43-CB0571562BB7}"
EndProject
Project("{FAE04EC0-301F-11D3-BF4B-00C04F79EFBC}") = "Cashflow.Infra", "src\Cashflow.Infra\Cashflow.Infra.csproj", "{2DBE7633-4E31-46AF-ADA5-E676C4E19D7B}"
EndProject
Project("{FAE04EC0-301F-11D3-BF4B-00C04F79EFBC}") = "Validator.Tests", "tests\Validator.Tests\Validator.Tests.csproj", "{BA0563AC-60AB-4A77-B83B-7D7274892AA2}"
EndProject
Project("{FAE04EC0-301F-11D3-BF4B-00C04F79EFBC}") = "CommonTestUtilities", "tests\CommonTestUtilities\CommonTestUtilities.csproj", "{BC8A64C4-7050-4C97-AE8A-4A158DA24A0B}"
EndProject
Global
	GlobalSection(SolutionConfigurationPlatforms) = preSolution
		Debug|Any CPU = Debug|Any CPU
		Release|Any CPU = Release|Any CPU
	EndGlobalSection
	GlobalSection(NestedProjects) = preSolution
		{6D34EBEE-C78E-4A41-9C87-7B5483BF3867} = {01342A57-1D21-4C28-B4FE-60CDF9D2FD2A}
		{17B79719-EB8D-4CFB-9339-1DE06B377CCD} = {01342A57-1D21-4C28-B4FE-60CDF9D2FD2A}
		{20A6BAB7-4A79-4978-9F44-9AB753EAE75B} = {01342A57-1D21-4C28-B4FE-60CDF9D2FD2A}
		{2755860D-BF13-4C1D-BD6B-4A71AA11449C} = {01342A57-1D21-4C28-B4FE-60CDF9D2FD2A}
		{668E8D08-9BEB-4557-8B43-CB0571562BB7} = {01342A57-1D21-4C28-B4FE-60CDF9D2FD2A}
		{2DBE7633-4E31-46AF-ADA5-E676C4E19D7B} = {01342A57-1D21-4C28-B4FE-60CDF9D2FD2A}
		{BA0563AC-60AB-4A77-B83B-7D7274892AA2} = {338E7D65-5322-424B-AB43-735043798F0D}
		{BC8A64C4-7050-4C97-AE8A-4A158DA24A0B} = {338E7D65-5322-424B-AB43-735043798F0D}
	EndGlobalSection
	GlobalSection(ProjectConfigurationPlatforms) = postSolution
		{6D34EBEE-C78E-4A41-9C87-7B5483BF3867}.Debug|Any CPU.ActiveCfg = Debug|Any CPU
		{6D34EBEE-C78E-4A41-9C87-7B5483BF3867}.Debug|Any CPU.Build.0 = Debug|Any CPU
		{6D34EBEE-C78E-4A41-9C87-7B5483BF3867}.Release|Any CPU.ActiveCfg = Release|Any CPU
		{6D34EBEE-C78E-4A41-9C87-7B5483BF3867}.Release|Any CPU.Build.0 = Release|Any CPU
		{17B79719-EB8D-4CFB-9339-1DE06B377CCD}.Debug|Any CPU.ActiveCfg = Debug|Any CPU
		{17B79719-EB8D-4CFB-9339-1DE06B377CCD}.Debug|Any CPU.Build.0 = Debug|Any CPU
		{17B79719-EB8D-4CFB-9339-1DE06B377CCD}.Release|Any CPU.ActiveCfg = Release|Any CPU
		{17B79719-EB8D-4CFB-9339-1DE06B377CCD}.Release|Any CPU.Build.0 = Release|Any CPU
		{20A6BAB7-4A79-4978-9F44-9AB753EAE75B}.Debug|Any CPU.ActiveCfg = Debug|Any CPU
		{20A6BAB7-4A79-4978-9F44-9AB753EAE75B}.Debug|Any CPU.Build.0 = Debug|Any CPU
		{20A6BAB7-4A79-4978-9F44-9AB753EAE75B}.Release|Any CPU.ActiveCfg = Release|Any CPU
		{20A6BAB7-4A79-4978-9F44-9AB753EAE75B}.Release|Any CPU.Build.0 = Release|Any CPU
		{2755860D-BF13-4C1D-BD6B-4A71AA11449C}.Debug|Any CPU.ActiveCfg = Debug|Any CPU
		{2755860D-BF13-4C1D-BD6B-4A71AA11449C}.Debug|Any CPU.Build.0 = Debug|Any CPU
		{2755860D-BF13-4C1D-BD6B-4A71AA11449C}.Release|Any CPU.ActiveCfg = Release|Any CPU
		{2755860D-BF13-4C1D-BD6B-4A71AA11449C}.Release|Any CPU.Build.0 = Release|Any CPU
		{668E8D08-9BEB-4557-8B43-CB0571562BB7}.Debug|Any CPU.ActiveCfg = Debug|Any CPU
		{668E8D08-9BEB-4557-8B43-CB0571562BB7}.Debug|Any CPU.Build.0 = Debug|Any CPU
		{668E8D08-9BEB-4557-8B43-CB0571562BB7}.Release|Any CPU.ActiveCfg = Release|Any CPU
		{668E8D08-9BEB-4557-8B43-CB0571562BB7}.Release|Any CPU.Build.0 = Release|Any CPU
		{2DBE7633-4E31-46AF-ADA5-E676C4E19D7B}.Debug|Any CPU.ActiveCfg = Debug|Any CPU
		{2DBE7633-4E31-46AF-ADA5-E676C4E19D7B}.Debug|Any CPU.Build.0 = Debug|Any CPU
		{2DBE7633-4E31-46AF-ADA5-E676C4E19D7B}.Release|Any CPU.ActiveCfg = Release|Any CPU
		{2DBE7633-4E31-46AF-ADA5-E676C4E19D7B}.Release|Any CPU.Build.0 = Release|Any CPU
		{BA0563AC-60AB-4A77-B83B-7D7274892AA2}.Debug|Any CPU.ActiveCfg = Debug|Any CPU
		{BA0563AC-60AB-4A77-B83B-7D7274892AA2}.Debug|Any CPU.Build.0 = Debug|Any CPU
		{BA0563AC-60AB-4A77-B83B-7D7274892AA2}.Release|Any CPU.ActiveCfg = Release|Any CPU
		{BA0563AC-60AB-4A77-B83B-7D7274892AA2}.Release|Any CPU.Build.0 = Release|Any CPU
		{BC8A64C4-7050-4C97-AE8A-4A158DA24A0B}.Debug|Any CPU.ActiveCfg = Debug|Any CPU
		{BC8A64C4-7050-4C97-AE8A-4A158DA24A0B}.Debug|Any CPU.Build.0 = Debug|Any CPU
		{BC8A64C4-7050-4C97-AE8A-4A158DA24A0B}.Release|Any CPU.ActiveCfg = Release|Any CPU
		{BC8A64C4-7050-4C97-AE8A-4A158DA24A0B}.Release|Any CPU.Build.0 = Release|Any CPU
	EndGlobalSection
EndGlobal
